
Microsoft Visual Studio Solution File, Format Version 12.00
# Visual Studio 2012
Project("{FAE04EC0-301F-11D3-BF4B-00C04F79EFBC}") = "Day05", "Day05\Day05.csproj", "{07777F5C-7C52-494E-97B6-3FC26F6CBC6F}"
EndProject
Global
	GlobalSection(SolutionConfigurationPlatforms) = preSolution
		Debug|x86 = Debug|x86
		Release|x86 = Release|x86
	EndGlobalSection
	GlobalSection(ProjectConfigurationPlatforms) = postSolution
		{07777F5C-7C52-494E-97B6-3FC26F6CBC6F}.Debug|x86.ActiveCfg = Debug|x86
		{07777F5C-7C52-494E-97B6-3FC26F6CBC6F}.Debug|x86.Build.0 = Debug|x86
		{07777F5C-7C52-494E-97B6-3FC26F6CBC6F}.Release|x86.ActiveCfg = Release|x86
		{07777F5C-7C52-494E-97B6-3FC26F6CBC6F}.Release|x86.Build.0 = Release|x86
	EndGlobalSection
EndGlobal
